PODS:
  - FBSnapshotTestCase (2.1.0):
    - FBSnapshotTestCase/SwiftSupport (= 2.1.0)
  - FBSnapshotTestCase/Core (2.1.0)
  - FBSnapshotTestCase/SwiftSupport (2.1.0):
    - FBSnapshotTestCase/Core
  - Nimble (4.0.1)
  - Nimble-Snapshots (4.0.1):
    - FBSnapshotTestCase (~> 2.0)
    - Nimble
    - Quick
  - Quick (0.9.2)
  - UILoadControl (1.0.0)

DEPENDENCIES:
  - FBSnapshotTestCase
  - Nimble
  - Nimble-Snapshots
  - Quick
  - UILoadControl (from `../`)

EXTERNAL SOURCES:
  UILoadControl:
    :path: ../

SPEC CHECKSUMS:
  FBSnapshotTestCase: 366ecd378511d7716c79991cd8067d1eed23578d
  Nimble: 0f3c8b8b084cda391209c3c5efbb48bedeeb920a
  Nimble-Snapshots: 2d15a585b816f7d14947ed6e172218f9d0980ea8
  Quick: 18d057bc66451eedd5d1c8dc99ba2a5db6e60226
  UILoadControl: 3bdcfcfa096191e792d798f5942c3dd522fa933e

COCOAPODS: 0.39.0
